// !$*UTF8*$!
{
	archiveVersion = 1;
	classes = {
	};
	objectVersion = 56;
	objects = {

/* Begin PBXBuildFile section */
		2152ACDA2B03E5B200DE6E51 /* iOSApp.swift in Sources */ = {isa = PBXBuildFile; fileRef = 2152ACD92B03E5B200DE6E51 /* iOSApp.swift */; };
		2152ACDE2B03E5B400DE6E51 /* Assets.xcassets in Resources */ = {isa = PBXBuildFile; fileRef = 2152ACDD2B03E5B400DE6E51 /* Assets.xcassets */; };
		A1B2C3D72B03E5B200DE6E51 /* FirebaseAuth in Frameworks */ = {isa = PBXBuildFile; productRef = A1B2C3D52B03E5B200DE6E51 /* FirebaseAuth */; };
		A1B2C3D82B03E5B200DE6E51 /* FirebaseFirestore in Frameworks */ = {isa = PBXBuildFile; productRef = A1B2C3D62B03E5B200DE6E51 /* FirebaseFirestore */; };
		A1B2C3DA2B03E5B200DE6E51 /* GoogleService-Info.plist in Resources */ = {isa = PBXBuildFile; fileRef = A1B2C3D92B03E5B200DE6E51 /* GoogleService-Info.plist */; };
/* End PBXBuildFile section */

/* Begin PBXFileReference section */
		2152ACD62B03E5B200DE6E51 /* iosApp.app */ = {isa = PBXFileReference; explicitFileType = wrapper.application; includeInIndex = 0; path = iosApp.app; sourceTree = BUILT_PRODUCTS_DIR; };
		2152ACD92B03E5B200DE6E51 /* iOSApp.swift */ = {isa = PBXFileReference; lastKnownFileType = sourcecode.swift; path = iOSApp.swift; sourceTree = "<group>"; };
		2152ACDD2B03E5B400DE6E51 /* Assets.xcassets */ = {isa = PBXFileReference; lastKnownFileType = folder.assetcatalog; path = Assets.xcassets; sourceTree = "<group>"; };
		A1B2C3D92B03E5B200DE6E51 /* GoogleService-Info.plist */ = {isa = PBXFileReference; lastKnownFileType = text.plist.xml; path = "GoogleService-Info.plist"; sourceTree = "<group>"; };
/* End PBXFileReference section */

/* Begin PBXFrameworksBuildPhase section */
		2152ACD32B03E5B200DE6E51 /* Frameworks */ = {
			isa = PBXFrameworksBuildPhase;
			buildActionMask = 2147483647;
			files = (
				A1B2C3D72B03E5B200DE6E51 /* FirebaseAuth in Frameworks */,
				A1B2C3D82B03E5B200DE6E51 /* FirebaseFirestore in Frameworks */,
			);
			runOnlyForDeploymentPostprocessing = 0;
		};
/* End PBXFrameworksBuildPhase section */

/* Begin PBXGroup section */
		2152ACCD2B03E5B200DE6E51 = {
			isa = PBXGroup;
			children = (
				2152ACD82B03E5B200DE6E51 /* iosApp */,
				2152ACD72B03E5B200DE6E51 /* Products */,
			);
			sourceTree = "<group>";
		};
		2152ACD72B03E5B200DE6E51 /* Products */ = {
			isa = PBXGroup;
			children = (
				2152ACD62B03E5B200DE6E51 /* iosApp.app */,
			);
			name = Products;
			sourceTree = "<group>";
		};
		2152ACD82B03E5B200DE6E51 /* iosApp */ = {
			isa = PBXGroup;
			children = (
				2152ACD92B03E5B200DE6E51 /* iOSApp.swift */,
				2152ACDD2B03E5B400DE6E51 /* Assets.xcassets */,
				A1B2C3D92B03E5B200DE6E51 /* GoogleService-Info.plist */,
			);
			path = iosApp;
			sourceTree = "<group>";
		};
/* End PBXGroup section */

/* Begin PBXNativeTarget section */
		2152ACD52B03E5B200DE6E51 /* iosApp */ = {
			isa = PBXNativeTarget;
			buildConfigurationList = 2152ACE42B03E5B400DE6E51 /* Build configuration list for PBXNativeTarget "iosApp" */;
			buildPhases = (
				2152ACFF2B03E5B200DE6E51 /* Compile Kotlin Framework */,
				2152ACD22B03E5B200DE6E51 /* Sources */,
				2152ACD32B03E5B200DE6E51 /* Frameworks */,
				2152ACD42B03E5B200DE6E51 /* Resources */,
			);
			buildRules = (
			);
			dependencies = (
			);
			name = iosApp;
			packageProductDependencies = (
				A1B2C3D52B03E5B200DE6E51 /* FirebaseAuth */,
				A1B2C3D62B03E5B200DE6E51 /* FirebaseFirestore */,
			);
			productName = iosApp;
			productReference = 2152ACD62B03E5B200DE6E51 /* iosApp.app */;
			productType = "com.apple.product-type.application";
		};
/* End PBXNativeTarget section */

/* Begin PBXProject section */
		2152ACCE2B03E5B200DE6E51 /* Project object */ = {
			isa = PBXProject;
			attributes = {
				BuildIndependentTargetsInParallel = 1;
				LastSwiftUpdateCheck = 1500;
				LastUpgradeCheck = 1500;
			};
			buildConfigurationList = 2152ACD12B03E5B200DE6E51 /* Build configuration list for PBXProject "iosApp" */;
			compatibilityVersion = "Xcode 14.0";
			developmentRegion = en;
			hasScannedForEncodings = 0;
			knownRegions = (
				en,
				Base,
			);
			mainGroup = 2152ACCD2B03E5B200DE6E51;
			packageReferences = (
				A1B2C3D42B03E5B200DE6E51 /* XCRemoteSwiftPackageReference "firebase-ios-sdk" */,
			);
			productRefGroup = 2152ACD72B03E5B200DE6E51 /* Products */;
			projectDirPath = "";
			projectRoot = "";
			targets = (
				2152ACD52B03E5B200DE6E51 /* iosApp */,
			);
		};
/* End PBXProject section */

/* Begin PBXResourcesBuildPhase section */
		2152ACD42B03E5B200DE6E51 /* Resources */ = {
			isa = PBXResourcesBuildPhase;
			buildActionMask = 2147483647;
			files = (
				2152ACDE2B03E5B400DE6E51 /* Assets.xcassets in Resources */,
				A1B2C3DA2B03E5B200DE6E51 /* GoogleService-Info.plist in Resources */,
			);
			runOnlyForDeploymentPostprocessing = 0;
		};
/* End PBXResourcesBuildPhase section */

/* Begin PBXShellScriptBuildPhase section */
		2152ACFF2B03E5B200DE6E51 /* Compile Kotlin Framework */ = {
			isa = PBXShellScriptBuildPhase;
			buildActionMask = 2147483647;
			files = (
			);
			inputFileListPaths = (
			);
			inputPaths = (
			);
			name = "Compile Kotlin Framework";
			outputFileListPaths = (
			);
			outputPaths = (
			);
			runOnlyForDeploymentPostprocessing = 0;
			shellPath = /bin/sh;
			shellScript = "cd \"$SRCROOT/..\"\n./gradlew :composeApp:embedAndSignAppleFrameworkForXcode\n\n# CMP 1.10+ uses SDK-versioned paths (e.g., iphonesimulator26.2)\n# Create symlink for Xcode compatibility\nXCODE_FW_DIR=\"$SRCROOT/../composeApp/build/xcode-frameworks/$CONFIGURATION\"\nif [ -d \"$XCODE_FW_DIR\" ]; then\n    for versioned in \"$XCODE_FW_DIR\"/${SDK_NAME}*; do\n        if [ -d \"$versioned\" ] && [ \"$(basename \"$versioned\")\" != \"$SDK_NAME\" ]; then\n            ln -sfn \"$(basename \"$versioned\")\" \"$XCODE_FW_DIR/$SDK_NAME\"\n            break\n        fi\n    done\nfi\n";
		};
/* End PBXShellScriptBuildPhase section */

/* Begin PBXSourcesBuildPhase section */
		2152ACD22B03E5B200DE6E51 /* Sources */ = {
			isa = PBXSourcesBuildPhase;
			buildActionMask = 2147483647;
			files = (
				2152ACDA2B03E5B200DE6E51 /* iOSApp.swift in Sources */,
			);
			runOnlyForDeploymentPostprocessing = 0;
		};
/* End PBXSourcesBuildPhase section */

/* Begin XCBuildConfiguration section */
		2152ACE22B03E5B400DE6E51 /* Debug */ = {
			isa = XCBuildConfiguration;
			buildSettings = {
				ALWAYS_SEARCH_USER_PATHS = NO;
				ASSETCATALOG_COMPILER_GENERATE_SWIFT_ASSET_SYMBOL_EXTENSIONS = YES;
				CLANG_CXX_LANGUAGE_STANDARD = "gnu++20";
				CLANG_ENABLE_MODULES = YES;
				CLANG_ENABLE_OBJC_ARC = YES;
				COPY_PHASE_STRIP = NO;
				DEBUG_INFORMATION_FORMAT = dwarf;
				ENABLE_STRICT_OBJC_MSGSEND = YES;
				ENABLE_TESTABILITY = YES;
				ENABLE_USER_SCRIPT_SANDBOXING = NO;
				GCC_DYNAMIC_NO_PIC = NO;
				GCC_OPTIMIZATION_LEVEL = 0;
				GCC_PREPROCESSOR_DEFINITIONS = (
					"DEBUG=1",
					"$(inherited)",
				);
				GCC_WARN_ABOUT_RETURN_TYPE = YES_ERROR;
				GCC_WARN_UNINITIALIZED_AUTOS = YES_AGGRESSIVE;
				IPHONEOS_DEPLOYMENT_TARGET = 16.0;
				MTL_ENABLE_DEBUG_INFO = INCLUDE_SOURCE;
				ONLY_ACTIVE_ARCH = YES;
				SDKROOT = iphoneos;
				SWIFT_ACTIVE_COMPILATION_CONDITIONS = "DEBUG $(inherited)";
				SWIFT_OPTIMIZATION_LEVEL = "-Onone";
			};
			name = Debug;
		};
		2152ACE32B03E5B400DE6E51 /* Release */ = {
			isa = XCBuildConfiguration;
			buildSettings = {
				ALWAYS_SEARCH_USER_PATHS = NO;
				ASSETCATALOG_COMPILER_GENERATE_SWIFT_ASSET_SYMBOL_EXTENSIONS = YES;
				CLANG_CXX_LANGUAGE_STANDARD = "gnu++20";
				CLANG_ENABLE_MODULES = YES;
				CLANG_ENABLE_OBJC_ARC = YES;
				COPY_PHASE_STRIP = NO;
				DEBUG_INFORMATION_FORMAT = "dwarf-with-dsym";
				ENABLE_NS_ASSERTIONS = NO;
				ENABLE_STRICT_OBJC_MSGSEND = YES;
				ENABLE_USER_SCRIPT_SANDBOXING = NO;
				GCC_WARN_ABOUT_RETURN_TYPE = YES_ERROR;
				GCC_WARN_UNINITIALIZED_AUTOS = YES_AGGRESSIVE;
				IPHONEOS_DEPLOYMENT_TARGET = 16.0;
				MTL_ENABLE_DEBUG_INFO = NO;
				SDKROOT = iphoneos;
				SWIFT_COMPILATION_MODE = wholemodule;
				VALIDATE_PRODUCT = YES;
			};
			name = Release;
		};
		2152ACE52B03E5B400DE6E51 /* Debug */ = {
			isa = XCBuildConfiguration;
			buildSettings = {
				ASSETCATALOG_COMPILER_APPICON_NAME = AppIcon;
				CODE_SIGN_STYLE = Automatic;
				CURRENT_PROJECT_VERSION = 1;
				DEVELOPMENT_TEAM = "";
				FRAMEWORK_SEARCH_PATHS = "$(SRCROOT)/../composeApp/build/xcode-frameworks/$(CONFIGURATION)/$(SDK_NAME)";
				GENERATE_INFOPLIST_FILE = YES;
				INFOPLIST_KEY_CADisableMinimumFrameDurationOnPhone = YES;
				INFOPLIST_KEY_CFBundleDisplayName = "Quiz Pszczelarski";
				INFOPLIST_KEY_UIApplicationSupportsIndirectInputEvents = YES;
				INFOPLIST_KEY_UILaunchScreen_Generation = YES;
				INFOPLIST_KEY_UISupportedInterfaceOrientations_iPad = "UIInterfaceOrientationPortrait UIInterfaceOrientationPortraitUpsideDown UIInterfaceOrientationLandscapeLeft UIInterfaceOrientationLandscapeRight";
				INFOPLIST_KEY_UISupportedInterfaceOrientations_iPhone = "UIInterfaceOrientationPortrait UIInterfaceOrientationLandscapeLeft UIInterfaceOrientationLandscapeRight";
				LD_RUNPATH_SEARCH_PATHS = (
					"$(inherited)",
					"@executable_path/Frameworks",
				);
				MARKETING_VERSION = 0.1.0;
				OTHER_LDFLAGS = (
					"$(inherited)",
					"-framework",
					ComposeApp,
				);
				PRODUCT_BUNDLE_IDENTIFIER = pl.quizpszczelarski;
				PRODUCT_NAME = "$(TARGET_NAME)";
				SWIFT_EMIT_LOC_STRINGS = YES;
				SWIFT_VERSION = 5.0;
				TARGETED_DEVICE_FAMILY = "1,2";
			};
			name = Debug;
		};
		2152ACE62B03E5B400DE6E51 /* Release */ = {
			isa = XCBuildConfiguration;
			buildSettings = {
				ASSETCATALOG_COMPILER_APPICON_NAME = AppIcon;
				CODE_SIGN_STYLE = Automatic;
				CURRENT_PROJECT_VERSION = 1;
				DEVELOPMENT_TEAM = "";
				FRAMEWORK_SEARCH_PATHS = "$(SRCROOT)/../composeApp/build/xcode-frameworks/$(CONFIGURATION)/$(SDK_NAME)";
				GENERATE_INFOPLIST_FILE = YES;
				INFOPLIST_KEY_CADisableMinimumFrameDurationOnPhone = YES;
				INFOPLIST_KEY_CFBundleDisplayName = "Quiz Pszczelarski";
				INFOPLIST_KEY_UIApplicationSupportsIndirectInputEvents = YES;
				INFOPLIST_KEY_UILaunchScreen_Generation = YES;
				INFOPLIST_KEY_UISupportedInterfaceOrientations_iPad = "UIInterfaceOrientationPortrait UIInterfaceOrientationPortraitUpsideDown UIInterfaceOrientationLandscapeLeft UIInterfaceOrientationLandscapeRight";
				INFOPLIST_KEY_UISupportedInterfaceOrientations_iPhone = "UIInterfaceOrientationPortrait UIInterfaceOrientationLandscapeLeft UIInterfaceOrientationLandscapeRight";
				LD_RUNPATH_SEARCH_PATHS = (
					"$(inherited)",
					"@executable_path/Frameworks",
				);
				MARKETING_VERSION = 0.1.0;
				OTHER_LDFLAGS = (
					"$(inherited)",
					"-framework",
					ComposeApp,
				);
				PRODUCT_BUNDLE_IDENTIFIER = pl.quizpszczelarski;
				PRODUCT_NAME = "$(TARGET_NAME)";
				SWIFT_EMIT_LOC_STRINGS = YES;
				SWIFT_VERSION = 5.0;
				TARGETED_DEVICE_FAMILY = "1,2";
			};
			name = Release;
		};
/* End XCBuildConfiguration section */

/* Begin XCConfigurationList section */
		2152ACD12B03E5B200DE6E51 /* Build configuration list for PBXProject "iosApp" */ = {
			isa = XCConfigurationList;
			buildConfigurations = (
				2152ACE22B03E5B400DE6E51 /* Debug */,
				2152ACE32B03E5B400DE6E51 /* Release */,
			);
			defaultConfigurationIsVisible = 0;
			defaultConfigurationName = Release;
		};
		2152ACE42B03E5B400DE6E51 /* Build configuration list for PBXNativeTarget "iosApp" */ = {
			isa = XCConfigurationList;
			buildConfigurations = (
				2152ACE52B03E5B400DE6E51 /* Debug */,
				2152ACE62B03E5B400DE6E51 /* Release */,
			);
			defaultConfigurationIsVisible = 0;
			defaultConfigurationName = Release;
		};
/* End XCConfigurationList section */

/* Begin XCRemoteSwiftPackageReference section */
		A1B2C3D42B03E5B200DE6E51 /* XCRemoteSwiftPackageReference "firebase-ios-sdk" */ = {
			isa = XCRemoteSwiftPackageReference;
			repositoryURL = "https://github.com/firebase/firebase-ios-sdk";
			requirement = {
				kind = upToNextMajorVersion;
				minimumVersion = 11.0.0;
			};
		};
/* End XCRemoteSwiftPackageReference section */

/* Begin XCSwiftPackageProductDependency section */
		A1B2C3D52B03E5B200DE6E51 /* FirebaseAuth */ = {
			isa = XCSwiftPackageProductDependency;
			package = A1B2C3D42B03E5B200DE6E51 /* XCRemoteSwiftPackageReference "firebase-ios-sdk" */;
			productName = FirebaseAuth;
		};
		A1B2C3D62B03E5B200DE6E51 /* FirebaseFirestore */ = {
			isa = XCSwiftPackageProductDependency;
			package = A1B2C3D42B03E5B200DE6E51 /* XCRemoteSwiftPackageReference "firebase-ios-sdk" */;
			productName = FirebaseFirestore;
		};
/* End XCSwiftPackageProductDependency section */

	};
	rootObject = 2152ACCE2B03E5B200DE6E51 /* Project object */;
}
